
Microsoft Visual Studio Solution File, Format Version 12.00
# Visual Studio Version 16
VisualStudioVersion = 16.0.29911.84
MinimumVisualStudioVersion = 10.0.40219.1
Project("{FAE04EC0-301F-11D3-BF4B-00C04F79EFBC}") = "SM.Expressions.Tests", "SM.Expressions.Tests\SM.Expressions.Tests.csproj", "{F9FF7877-4669-4BB4-AC30-D3C94BF9B8DC}"
EndProject
Project("{FAE04EC0-301F-11D3-BF4B-00C04F79EFBC}") = "SM.Expressions", "SM.Expressions\SM.Expressions.csproj", "{64FA2D9E-7201-4D5F-AA06-5E3251105E3A}"
EndProject
Project("{FAE04EC0-301F-11D3-BF4B-00C04F79EFBC}") = "VirtualChannels", "VirtualChannels\VirtualChannels.csproj", "{4443FD1A-C7C1-4FBB-AE99-703F5A8A04D7}"
EndProject
Project("{FAE04EC0-301F-11D3-BF4B-00C04F79EFBC}") = "VirtualChannels.Tests", "VirtualChannels.Tests\VirtualChannels.Tests.csproj", "{585FB61E-F626-4415-870D-2F7F85D7C7B3}"
EndProject
Global
	GlobalSection(SolutionConfigurationPlatforms) = preSolution
		Debug|Any CPU = Debug|Any CPU
		Release|Any CPU = Release|Any CPU
	EndGlobalSection
	GlobalSection(ProjectConfigurationPlatforms) = postSolution
		{F9FF7877-4669-4BB4-AC30-D3C94BF9B8DC}.Debug|Any CPU.ActiveCfg = Debug|Any CPU
		{F9FF7877-4669-4BB4-AC30-D3C94BF9B8DC}.Debug|Any CPU.Build.0 = Debug|Any CPU
		{F9FF7877-4669-4BB4-AC30-D3C94BF9B8DC}.Release|Any CPU.ActiveCfg = Release|Any CPU
		{F9FF7877-4669-4BB4-AC30-D3C94BF9B8DC}.Release|Any CPU.Build.0 = Release|Any CPU
		{64FA2D9E-7201-4D5F-AA06-5E3251105E3A}.Debug|Any CPU.ActiveCfg = Debug|Any CPU
		{64FA2D9E-7201-4D5F-AA06-5E3251105E3A}.Debug|Any CPU.Build.0 = Debug|Any CPU
		{64FA2D9E-7201-4D5F-AA06-5E3251105E3A}.Release|Any CPU.ActiveCfg = Release|Any CPU
		{64FA2D9E-7201-4D5F-AA06-5E3251105E3A}.Release|Any CPU.Build.0 = Release|Any CPU
		{4443FD1A-C7C1-4FBB-AE99-703F5A8A04D7}.Debug|Any CPU.ActiveCfg = Debug|Any CPU
		{4443FD1A-C7C1-4FBB-AE99-703F5A8A04D7}.Debug|Any CPU.Build.0 = Debug|Any CPU
		{4443FD1A-C7C1-4FBB-AE99-703F5A8A04D7}.Release|Any CPU.ActiveCfg = Release|Any CPU
		{4443FD1A-C7C1-4FBB-AE99-703F5A8A04D7}.Release|Any CPU.Build.0 = Release|Any CPU
		{585FB61E-F626-4415-870D-2F7F85D7C7B3}.Debug|Any CPU.ActiveCfg = Debug|Any CPU
		{585FB61E-F626-4415-870D-2F7F85D7C7B3}.Debug|Any CPU.Build.0 = Debug|Any CPU
		{585FB61E-F626-4415-870D-2F7F85D7C7B3}.Release|Any CPU.ActiveCfg = Release|Any CPU
		{585FB61E-F626-4415-870D-2F7F85D7C7B3}.Release|Any CPU.Build.0 = Release|Any CPU
	EndGlobalSection
	GlobalSection(SolutionProperties) = preSolution
		HideSolutionNode = FALSE
	EndGlobalSection
	GlobalSection(ExtensibilityGlobals) = postSolution
		SolutionGuid = {910F5E4B-6F2E-4FC5-9B29-C171A5C70F60}
	EndGlobalSection
EndGlobal
